
Microsoft Visual Studio Solution File, Format Version 12.00
# Visual Studio Version 17
VisualStudioVersion = 17.12.35527.113 d17.12
MinimumVisualStudioVersion = 10.0.40219.1
Project("{FAE04EC0-301F-11D3-BF4B-00C04F79EFBC}") = "EUREKA_BANK_Servidor_RESTFUL", "EUREKA_BANK_Servidor_RESTFUL\EUREKA_BANK_Servidor_RESTFUL.csproj", "{B46CA411-7F65-4B5D-8212-AAAA8CDD03DB}"
EndProject
Global
	GlobalSection(SolutionConfigurationPlatforms) = preSolution
		Debug|Any CPU = Debug|Any CPU
		Release|Any CPU = Release|Any CPU
	EndGlobalSection
	GlobalSection(ProjectConfigurationPlatforms) = postSolution
		{B46CA411-7F65-4B5D-8212-AAAA8CDD03DB}.Debug|Any CPU.ActiveCfg = Debug|Any CPU
		{B46CA411-7F65-4B5D-8212-AAAA8CDD03DB}.Debug|Any CPU.Build.0 = Debug|Any CPU
		{B46CA411-7F65-4B5D-8212-AAAA8CDD03DB}.Release|Any CPU.ActiveCfg = Release|Any CPU
		{B46CA411-7F65-4B5D-8212-AAAA8CDD03DB}.Release|Any CPU.Build.0 = Release|Any CPU
	EndGlobalSection
	GlobalSection(SolutionProperties) = preSolution
		HideSolutionNode = FALSE
	EndGlobalSection
EndGlobal
